
Microsoft Visual Studio Solution File, Format Version 12.00
# Visual Studio Version 17
VisualStudioVersion = 17.0.32126.317
MinimumVisualStudioVersion = 10.0.40219.1
Project("{FAE04EC0-301F-11D3-BF4B-00C04F79EFBC}") = "Ma_Hoa_DES", "Ma_Hoa_DES\Ma_Hoa_DES.csproj", "{1F39EC8B-F522-44DF-BDAD-91AF41B47ABB}"
EndProject
Global
	GlobalSection(SolutionConfigurationPlatforms) = preSolution
		Debug|Any CPU = Debug|Any CPU
		Release|Any CPU = Release|Any CPU
	EndGlobalSection
	GlobalSection(ProjectConfigurationPlatforms) = postSolution
		{1F39EC8B-F522-44DF-BDAD-91AF41B47ABB}.Debug|Any CPU.ActiveCfg = Debug|Any CPU
		{1F39EC8B-F522-44DF-BDAD-91AF41B47ABB}.Debug|Any CPU.Build.0 = Debug|Any CPU
		{1F39EC8B-F522-44DF-BDAD-91AF41B47ABB}.Release|Any CPU.ActiveCfg = Release|Any CPU
		{1F39EC8B-F522-44DF-BDAD-91AF41B47ABB}.Release|Any CPU.Build.0 = Release|Any CPU
	EndGlobalSection
	GlobalSection(SolutionProperties) = preSolution
		HideSolutionNode = FALSE
	EndGlobalSection
	GlobalSection(ExtensibilityGlobals) = postSolution
		SolutionGuid = {DEBA0729-EEAC-484C-826A-006725DB91C4}
	EndGlobalSection
EndGlobal
